
Microsoft Visual Studio Solution File, Format Version 12.00
# Visual Studio 2013
VisualStudioVersion = 12.0.31101.0
MinimumVisualStudioVersion = 10.0.40219.1
Project("{8BC9CEB8-8B4A-11D0-8D11-00A0C91BC942}") = "Tutorial", "Tutorial\Tutorial.vcxproj", "{C863B0AA-DA5B-444F-9360-4D023C062D31}"
EndProject
Global
	GlobalSection(SolutionConfigurationPlatforms) = preSolution
		Debug|Win32 = Debug|Win32
		Debug|x64 = Debug|x64
		Release|Win32 = Release|Win32
		Release|x64 = Release|x64
	EndGlobalSection
	GlobalSection(ProjectConfigurationPlatforms) = postSolution
		{C863B0AA-DA5B-444F-9360-4D023C062D31}.Debug|Win32.ActiveCfg = Debug|Win32
		{C863B0AA-DA5B-444F-9360-4D023C062D31}.Debug|Win32.Build.0 = Debug|Win32
		{C863B0AA-DA5B-444F-9360-4D023C062D31}.Debug|x64.ActiveCfg = Debug|x64
		{C863B0AA-DA5B-444F-9360-4D023C062D31}.Debug|x64.Build.0 = Debug|x64
		{C863B0AA-DA5B-444F-9360-4D023C062D31}.Release|Win32.ActiveCfg = Release|Win32
		{C863B0AA-DA5B-444F-9360-4D023C062D31}.Release|Win32.Build.0 = Release|Win32
		{C863B0AA-DA5B-444F-9360-4D023C062D31}.Release|x64.ActiveCfg = Release|x64
		{C863B0AA-DA5B-444F-9360-4D023C062D31}.Release|x64.Build.0 = Release|x64
	EndGlobalSection
	GlobalSection(SolutionProperties) = preSolution
		HideSolutionNode = FALSE
	EndGlobalSection
EndGlobal
