<?xml version="1.0" encoding="utf-8"?>
<Project ToolsVersion="4.0" xmlns="http://schemas.microsoft.com/developer/msbuild/2003">
  <ItemGroup>
    <ClCompile Include="..\common\source\AppContext.cpp">
      <Filter>Source Files</Filter>
    </ClCompile>
    <ClCompile Include="..\common\source\ArtMatcher.cpp">
      <Filter>Source Files</Filter>
    </ClCompile>
    <ClCompile Include="Source\CustomEdit.cpp">
      <Filter>Source Files</Filter>
    </ClCompile>
    <ClCompile Include="Source\EmptyPanelPlugin.cpp">
      <Filter>Source Files</Filter>
    </ClCompile>
    <ClCompile Include="Source\EmptyPanelPluginSuites.cpp">
      <Filter>Source Files</Filter>
    </ClCompile>
    <ClCompile Include="..\illustratorapi\illustrator\IAIStringFormatUtils.cpp">
      <Filter>Source Files</Filter>
    </ClCompile>
    <ClCompile Include="..\illustratorapi\illustrator\IAIUnicodeString.cpp">
      <Filter>Source Files</Filter>
    </ClCompile>
    <ClCompile Include="..\common\source\Main.cpp">
      <Filter>Source Files</Filter>
    </ClCompile>
    <ClCompile Include="..\common\source\Plugin.cpp">
      <Filter>Source Files</Filter>
    </ClCompile>
    <ClCompile Include="..\common\source\SDKAboutPluginsHelper.cpp">
      <Filter>Source Files</Filter>
    </ClCompile>
    <ClCompile Include="..\common\source\Suites.cpp">
      <Filter>Source Files</Filter>
    </ClCompile>
    <ClCompile Include="..\illustratorapi\illustrator\IAIFilePath.cpp">
      <Filter>Source Files</Filter>
    </ClCompile>
  </ItemGroup>
  <ItemGroup>
    <ClInclude Include="Source\CustomEdit.h">
      <Filter>Header Files</Filter>
    </ClInclude>
    <ClInclude Include="Source\EmptyPanelPlugin.h">
      <Filter>Header Files</Filter>
    </ClInclude>
    <ClInclude Include="Source\EmptyPanelPluginSuites.h">
      <Filter>Header Files</Filter>
    </ClInclude>
    <ClInclude Include="Source\EmptyPanleID.h">
      <Filter>Header Files</Filter>
    </ClInclude>
    <ClInclude Include="..\common\includes\Plugin.hpp">
      <Filter>Header Files</Filter>
    </ClInclude>
  </ItemGroup>
  <ItemGroup>
    <Filter Include="Source Files">
      <UniqueIdentifier>{be32de1f-95ad-4ecb-a3c3-e3ab59dd40ec}</UniqueIdentifier>
    </Filter>
    <Filter Include="Header Files">
      <UniqueIdentifier>{2d2fcfc9-e75c-4853-95d4-f36ddf104b5c}</UniqueIdentifier>
    </Filter>
    <Filter Include="Resource Files">
      <UniqueIdentifier>{79aeac7d-0997-4513-9b2b-8ce7359a8700}</UniqueIdentifier>
    </Filter>
  </ItemGroup>
  <ItemGroup>
    <ResourceCompile Include="Resource\EmptyPanel.rc">
      <Filter>Resource Files</Filter>
    </ResourceCompile>
  </ItemGroup>
</Project>